
Microsoft Visual Studio Solution File, Format Version 12.00
# Visual Studio Version 16
VisualStudioVersion = 16.0.30804.86
MinimumVisualStudioVersion = 10.0.40219.1
Project("{9A19103F-16F7-4668-BE54-9A1E7A4F7556}") = "Tribeca project", "Tribeca project\Tribeca project.csproj", "{4DFA1582-932E-40B4-A223-6331B98B413C}"
EndProject
Project("{9A19103F-16F7-4668-BE54-9A1E7A4F7556}") = "mainMenuTests", "mainMenuTests\mainMenuTests.csproj", "{FE5C5CF1-4024-49DD-A39B-BAB6465921CD}"
EndProject
Project("{FAE04EC0-301F-11D3-BF4B-00C04F79EFBC}") = "SimpleWebPage", "SimpleWebPage\SimpleWebPage.csproj", "{ED4D8E39-D898-4561-B3A1-79F3631C4681}"
EndProject
Global
	GlobalSection(SolutionConfigurationPlatforms) = preSolution
		Debug|Any CPU = Debug|Any CPU
		Release|Any CPU = Release|Any CPU
	EndGlobalSection
	GlobalSection(ProjectConfigurationPlatforms) = postSolution
		{4DFA1582-932E-40B4-A223-6331B98B413C}.Debug|Any CPU.ActiveCfg = Debug|Any CPU
		{4DFA1582-932E-40B4-A223-6331B98B413C}.Debug|Any CPU.Build.0 = Debug|Any CPU
		{4DFA1582-932E-40B4-A223-6331B98B413C}.Release|Any CPU.ActiveCfg = Release|Any CPU
		{4DFA1582-932E-40B4-A223-6331B98B413C}.Release|Any CPU.Build.0 = Release|Any CPU
		{FE5C5CF1-4024-49DD-A39B-BAB6465921CD}.Debug|Any CPU.ActiveCfg = Debug|Any CPU
		{FE5C5CF1-4024-49DD-A39B-BAB6465921CD}.Debug|Any CPU.Build.0 = Debug|Any CPU
		{FE5C5CF1-4024-49DD-A39B-BAB6465921CD}.Release|Any CPU.ActiveCfg = Release|Any CPU
		{FE5C5CF1-4024-49DD-A39B-BAB6465921CD}.Release|Any CPU.Build.0 = Release|Any CPU
		{ED4D8E39-D898-4561-B3A1-79F3631C4681}.Debug|Any CPU.ActiveCfg = Debug|Any CPU
		{ED4D8E39-D898-4561-B3A1-79F3631C4681}.Debug|Any CPU.Build.0 = Debug|Any CPU
		{ED4D8E39-D898-4561-B3A1-79F3631C4681}.Release|Any CPU.ActiveCfg = Release|Any CPU
		{ED4D8E39-D898-4561-B3A1-79F3631C4681}.Release|Any CPU.Build.0 = Release|Any CPU
	EndGlobalSection
	GlobalSection(SolutionProperties) = preSolution
		HideSolutionNode = FALSE
	EndGlobalSection
	GlobalSection(ExtensibilityGlobals) = postSolution
		SolutionGuid = {D617743A-F892-495C-8CB4-7C42CF303F9D}
	EndGlobalSection
EndGlobal
